
Microsoft Visual Studio Solution File, Format Version 12.00
# Visual Studio Version 17
VisualStudioVersion = 17.2.32630.192
MinimumVisualStudioVersion = 10.0.40219.1
Project("{FAE04EC0-301F-11D3-BF4B-00C04F79EFBC}") = "Atm system", "Atm system\Atm system.csproj", "{795DB14F-434C-4FAA-AE96-6DD9A2214B0C}"
EndProject
Global
	GlobalSection(SolutionConfigurationPlatforms) = preSolution
		Debug|Any CPU = Debug|Any CPU
		Release|Any CPU = Release|Any CPU
	EndGlobalSection
	GlobalSection(ProjectConfigurationPlatforms) = postSolution
		{795DB14F-434C-4FAA-AE96-6DD9A2214B0C}.Debug|Any CPU.ActiveCfg = Debug|Any CPU
		{795DB14F-434C-4FAA-AE96-6DD9A2214B0C}.Debug|Any CPU.Build.0 = Debug|Any CPU
		{795DB14F-434C-4FAA-AE96-6DD9A2214B0C}.Release|Any CPU.ActiveCfg = Release|Any CPU
		{795DB14F-434C-4FAA-AE96-6DD9A2214B0C}.Release|Any CPU.Build.0 = Release|Any CPU
	EndGlobalSection
	GlobalSection(SolutionProperties) = preSolution
		HideSolutionNode = FALSE
	EndGlobalSection
	GlobalSection(ExtensibilityGlobals) = postSolution
		SolutionGuid = {54E46C09-1A59-483A-A0B1-C517AC2E24C8}
	EndGlobalSection
EndGlobal
